Microsoft Visual Studio Solution File, Format Version 12.00
# Visual Studio Version 17
VisualStudioVersion = 17.5.2.0
MinimumVisualStudioVersion = 10.0.40219.1
Project("{FAE04EC0-301F-11D3-BF4B-00C04F79EFBC}") = "ProformaInvoiceApp", "ProformaInvoiceApp\ProformaInvoiceApp.csproj", "{3F9AAB0C-72BC-CD54-BC4E-FF5E4797E52F}"
EndProject
Global
	GlobalSection(SolutionConfigurationPlatforms) = preSolution
		Debug|Any CPU = Debug|Any CPU
		Release|Any CPU = Release|Any CPU
	EndGlobalSection
	GlobalSection(ProjectConfigurationPlatforms) = postSolution
		{3F9AAB0C-72BC-CD54-BC4E-FF5E4797E52F}.Debug|Any CPU.ActiveCfg = Debug|Any CPU
		{3F9AAB0C-72BC-CD54-BC4E-FF5E4797E52F}.Debug|Any CPU.Build.0 = Debug|Any CPU
		{3F9AAB0C-72BC-CD54-BC4E-FF5E4797E52F}.Release|Any CPU.ActiveCfg = Release|Any CPU
		{3F9AAB0C-72BC-CD54-BC4E-FF5E4797E52F}.Release|Any CPU.Build.0 = Release|Any CPU
	EndGlobalSection
	GlobalSection(SolutionProperties) = preSolution
		HideSolutionNode = FALSE
	EndGlobalSection
	GlobalSection(ExtensibilityGlobals) = postSolution
		SolutionGuid = {08B4C35B-B92A-465E-A3A3-B1A6E218A6E7}
	EndGlobalSection
EndGlobal
